
Microsoft Visual Studio Solution File, Format Version 12.00
# Visual Studio Version 16
VisualStudioVersion = 16.0.29102.190
MinimumVisualStudioVersion = 10.0.40219.1
Project("{FAE04EC0-301F-11D3-BF4B-00C04F79EFBC}") = "Exercicios", "Exercicios\Exercicios.csproj", "{1978DF7D-DF17-48EA-8A9C-11055CEF3DDF}"
EndProject
Global
	GlobalSection(SolutionConfigurationPlatforms) = preSolution
		Debug|Any CPU = Debug|Any CPU
		Release|Any CPU = Release|Any CPU
	EndGlobalSection
	GlobalSection(ProjectConfigurationPlatforms) = postSolution
		{1978DF7D-DF17-48EA-8A9C-11055CEF3DDF}.Debug|Any CPU.ActiveCfg = Debug|Any CPU
		{1978DF7D-DF17-48EA-8A9C-11055CEF3DDF}.Debug|Any CPU.Build.0 = Debug|Any CPU
		{1978DF7D-DF17-48EA-8A9C-11055CEF3DDF}.Release|Any CPU.ActiveCfg = Release|Any CPU
		{1978DF7D-DF17-48EA-8A9C-11055CEF3DDF}.Release|Any CPU.Build.0 = Release|Any CPU
	EndGlobalSection
	GlobalSection(SolutionProperties) = preSolution
		HideSolutionNode = FALSE
	EndGlobalSection
	GlobalSection(ExtensibilityGlobals) = postSolution
		SolutionGuid = {CFC67837-BE3A-4F95-86CD-3CC07D6CBDE0}
	EndGlobalSection
EndGlobal
